
Microsoft Visual Studio Solution File, Format Version 12.00
# Visual Studio Version 17
VisualStudioVersion = 17.6.33829.357
MinimumVisualStudioVersion = 10.0.40219.1
Project("{9A19103F-16F7-4668-BE54-9A1E7A4F7556}") = "Collection", "Collection\Collection.csproj", "{6A28F0DD-F28B-4C2C-A532-64BE4D20A407}"
EndProject
Global
	GlobalSection(SolutionConfigurationPlatforms) = preSolution
		Debug|Any CPU = Debug|Any CPU
		Release|Any CPU = Release|Any CPU
	EndGlobalSection
	GlobalSection(ProjectConfigurationPlatforms) = postSolution
		{6A28F0DD-F28B-4C2C-A532-64BE4D20A407}.Debug|Any CPU.ActiveCfg = Debug|Any CPU
		{6A28F0DD-F28B-4C2C-A532-64BE4D20A407}.Debug|Any CPU.Build.0 = Debug|Any CPU
		{6A28F0DD-F28B-4C2C-A532-64BE4D20A407}.Release|Any CPU.ActiveCfg = Release|Any CPU
		{6A28F0DD-F28B-4C2C-A532-64BE4D20A407}.Release|Any CPU.Build.0 = Release|Any CPU
	EndGlobalSection
	GlobalSection(SolutionProperties) = preSolution
		HideSolutionNode = FALSE
	EndGlobalSection
	GlobalSection(ExtensibilityGlobals) = postSolution
		SolutionGuid = {658C88A5-4265-4DF9-975F-527D51834427}
	EndGlobalSection
EndGlobal
